Microsoft Visual Studio Solution File, Format Version 11.00
# Visual Studio 2019

Project("{8BC9CEB8-8B4A-11D0-8D11-00A0C91BC942}") = "SwankyAmp - VST", "SwankyAmp_VST.vcxproj", "{4A1A43B7-F820-D184-1ACA-CBAF09B0070C}"
	ProjectSection(ProjectDependencies) = postProject
		{1FBB46B9-AB44-EC18-B8BD-F3AA524DD27C} = {1FBB46B9-AB44-EC18-B8BD-F3AA524DD27C}
	EndProjectSection
EndProject
Project("{8BC9CEB8-8B4A-11D0-8D11-00A0C91BC942}") = "SwankyAmp - Shared Code", "SwankyAmp_SharedCode.vcxproj", "{1FBB46B9-AB44-EC18-B8BD-F3AA524DD27C}"
EndProject
Global
	GlobalSection(SolutionConfigurationPlatforms) = preSolution
		Debug|x64 = Debug|x64
		Release|x64 = Release|x64
	EndGlobalSection
	GlobalSection(ProjectConfigurationPlatforms) = postSolution
		{4A1A43B7-F820-D184-1ACA-CBAF09B0070C}.Debug|x64.ActiveCfg = Debug|x64
		{4A1A43B7-F820-D184-1ACA-CBAF09B0070C}.Debug|x64.Build.0 = Debug|x64
		{4A1A43B7-F820-D184-1ACA-CBAF09B0070C}.Release|x64.ActiveCfg = Release|x64
		{4A1A43B7-F820-D184-1ACA-CBAF09B0070C}.Release|x64.Build.0 = Release|x64
		{1FBB46B9-AB44-EC18-B8BD-F3AA524DD27C}.Debug|x64.ActiveCfg = Debug|x64
		{1FBB46B9-AB44-EC18-B8BD-F3AA524DD27C}.Debug|x64.Build.0 = Debug|x64
		{1FBB46B9-AB44-EC18-B8BD-F3AA524DD27C}.Release|x64.ActiveCfg = Release|x64
		{1FBB46B9-AB44-EC18-B8BD-F3AA524DD27C}.Release|x64.Build.0 = Release|x64
	EndGlobalSection
	GlobalSection(SolutionProperties) = preSolution
		HideSolutionNode = FALSE
	EndGlobalSection
EndGlobal
